
Microsoft Visual Studio Solution File, Format Version 12.00
# Visual Studio Version 17
VisualStudioVersion = 17.13.35931.197 d17.13
MinimumVisualStudioVersion = 10.0.40219.1
Project("{FAE04EC0-301F-11D3-BF4B-00C04F79EFBC}") = "Seker_kutuphane", "Seker_kutuphane\Seker_kutuphane.csproj", "{4C3FB11E-FC8F-49CE-9322-F72404E8F78A}"
EndProject
Global
	GlobalSection(SolutionConfigurationPlatforms) = preSolution
		Debug|Any CPU = Debug|Any CPU
		Release|Any CPU = Release|Any CPU
	EndGlobalSection
	GlobalSection(ProjectConfigurationPlatforms) = postSolution
		{4C3FB11E-FC8F-49CE-9322-F72404E8F78A}.Debug|Any CPU.ActiveCfg = Debug|Any CPU
		{4C3FB11E-FC8F-49CE-9322-F72404E8F78A}.Debug|Any CPU.Build.0 = Debug|Any CPU
		{4C3FB11E-FC8F-49CE-9322-F72404E8F78A}.Release|Any CPU.ActiveCfg = Release|Any CPU
		{4C3FB11E-FC8F-49CE-9322-F72404E8F78A}.Release|Any CPU.Build.0 = Release|Any CPU
	EndGlobalSection
	GlobalSection(SolutionProperties) = preSolution
		HideSolutionNode = FALSE
	EndGlobalSection
	GlobalSection(ExtensibilityGlobals) = postSolution
		SolutionGuid = {408C767C-07BD-49C6-9C31-807F3403BE43}
	EndGlobalSection
EndGlobal
